// !$*UTF8*$!
{
	archiveVersion = 1;
	classes = {
	};
	objectVersion = 56;
	objects = {

/* Begin PBXBuildFile section */
		A828C66D2AE34449000EC99B /* AppDelegate.swift in Sources */ = {isa = PBXBuildFile; fileRef = A828C66C2AE34449000EC99B /* AppDelegate.swift */; };
		A828C66F2AE34449000EC99B /* SceneDelegate.swift in Sources */ = {isa = PBXBuildFile; fileRef = A828C66E2AE34449000EC99B /* SceneDelegate.swift */; };
		A828C6762AE3444A000EC99B /* Assets.xcassets in Resources */ = {isa = PBXBuildFile; fileRef = A828C6752AE3444A000EC99B /* Assets.xcassets */; };
		A8ED228A2AE349D4003C4BC5 /* Views in Resources */ = {isa = PBXBuildFile; fileRef = A8ED22892AE349D4003C4BC5 /* Views */; };
		A8ED228E2AE34A25003C4BC5 /* Base.lproj in Resources */ = {isa = PBXBuildFile; fileRef = A8ED228B2AE34A25003C4BC5 /* Base.lproj */; };
		A8ED228F2AE34A25003C4BC5 /* Controllers in Resources */ = {isa = PBXBuildFile; fileRef = A8ED228C2AE34A25003C4BC5 /* Controllers */; };
		A8ED22902AE34A25003C4BC5 /* Info.plist in Resources */ = {isa = PBXBuildFile; fileRef = A8ED228D2AE34A25003C4BC5 /* Info.plist */; };
/* End PBXBuildFile section */

/* Begin PBXFileReference section */
		A828C6692AE34449000EC99B /* CheckYourBMI.app */ = {isa = PBXFileReference; explicitFileType = wrapper.application; includeInIndex = 0; path = CheckYourBMI.app; sourceTree = BUILT_PRODUCTS_DIR; };
		A828C66C2AE34449000EC99B /* AppDelegate.swift */ = {isa = PBXFileReference; lastKnownFileType = sourcecode.swift; path = AppDelegate.swift; sourceTree = "<group>"; };
		A828C66E2AE34449000EC99B /* SceneDelegate.swift */ = {isa = PBXFileReference; lastKnownFileType = sourcecode.swift; path = SceneDelegate.swift; sourceTree = "<group>"; };
		A828C6752AE3444A000EC99B /* Assets.xcassets */ = {isa = PBXFileReference; lastKnownFileType = folder.assetcatalog; path = Assets.xcassets; sourceTree = "<group>"; };
		A8ED22892AE349D4003C4BC5 /* Views */ = {isa = PBXFileReference; lastKnownFileType = folder; name = Views; path = "../../../../../Downloads/BMI-Calculator-iOS13-master/BMI Calculator/Views"; sourceTree = "<group>"; };
		A8ED228B2AE34A25003C4BC5 /* Base.lproj */ = {isa = PBXFileReference; lastKnownFileType = folder; name = Base.lproj; path = "../../../../../Downloads/BMI-Calculator-iOS13-master/BMI Calculator/Base.lproj"; sourceTree = "<group>"; };
		A8ED228C2AE34A25003C4BC5 /* Controllers */ = {isa = PBXFileReference; lastKnownFileType = folder; name = Controllers; path = "../../../../../Downloads/BMI-Calculator-iOS13-master/BMI Calculator/Controllers"; sourceTree = "<group>"; };
		A8ED228D2AE34A25003C4BC5 /* Info.plist */ = {isa = PBXFileReference; fileEncoding = 4; lastKnownFileType = text.plist.xml; name = Info.plist; path = "../../../../../Downloads/BMI-Calculator-iOS13-master/BMI Calculator/Info.plist"; sourceTree = "<group>"; };
/* End PBXFileReference section */

/* Begin PBXFrameworksBuildPhase section */
		A828C6662AE34449000EC99B /* Frameworks */ = {
			isa = PBXFrameworksBuildPhase;
			buildActionMask = 2147483647;
			files = (
			);
			runOnlyForDeploymentPostprocessing = 0;
		};
/* End PBXFrameworksBuildPhase section */

/* Begin PBXGroup section */
		A828C6602AE34449000EC99B = {
			isa = PBXGroup;
			children = (
				A828C66B2AE34449000EC99B /* CheckYourBMI */,
				A828C66A2AE34449000EC99B /* Products */,
			);
			sourceTree = "<group>";
		};
		A828C66A2AE34449000EC99B /* Products */ = {
			isa = PBXGroup;
			children = (
				A828C6692AE34449000EC99B /* CheckYourBMI.app */,
			);
			name = Products;
			sourceTree = "<group>";
		};
		A828C66B2AE34449000EC99B /* CheckYourBMI */ = {
			isa = PBXGroup;
			children = (
				A8ED228C2AE34A25003C4BC5 /* Controllers */,
				A8ED22892AE349D4003C4BC5 /* Views */,
				A828C66C2AE34449000EC99B /* AppDelegate.swift */,
				A828C66E2AE34449000EC99B /* SceneDelegate.swift */,
				A828C6752AE3444A000EC99B /* Assets.xcassets */,
				A8ED228D2AE34A25003C4BC5 /* Info.plist */,
				A8ED228B2AE34A25003C4BC5 /* Base.lproj */,
			);
			path = CheckYourBMI;
			sourceTree = "<group>";
		};
/* End PBXGroup section */

/* Begin PBXNativeTarget section */
		A828C6682AE34449000EC99B /* CheckYourBMI */ = {
			isa = PBXNativeTarget;
			buildConfigurationList = A828C67D2AE3444A000EC99B /* Build configuration list for PBXNativeTarget "CheckYourBMI" */;
			buildPhases = (
				A828C6652AE34449000EC99B /* Sources */,
				A828C6662AE34449000EC99B /* Frameworks */,
				A828C6672AE34449000EC99B /* Resources */,
			);
			buildRules = (
			);
			dependencies = (
			);
			name = CheckYourBMI;
			productName = CheckYourBMI;
			productReference = A828C6692AE34449000EC99B /* CheckYourBMI.app */;
			productType = "com.apple.product-type.application";
		};
/* End PBXNativeTarget section */

/* Begin PBXProject section */
		A828C6612AE34449000EC99B /* Project object */ = {
			isa = PBXProject;
			attributes = {
				BuildIndependentTargetsInParallel = 1;
				LastSwiftUpdateCheck = 1430;
				LastUpgradeCheck = 1430;
				TargetAttributes = {
					A828C6682AE34449000EC99B = {
						CreatedOnToolsVersion = 14.3.1;
					};
				};
			};
			buildConfigurationList = A828C6642AE34449000EC99B /* Build configuration list for PBXProject "CheckYourBMI" */;
			compatibilityVersion = "Xcode 14.0";
			developmentRegion = en;
			hasScannedForEncodings = 0;
			knownRegions = (
				en,
				Base,
			);
			mainGroup = A828C6602AE34449000EC99B;
			productRefGroup = A828C66A2AE34449000EC99B /* Products */;
			projectDirPath = "";
			projectRoot = "";
			targets = (
				A828C6682AE34449000EC99B /* CheckYourBMI */,
			);
		};
/* End PBXProject section */

/* Begin PBXResourcesBuildPhase section */
		A828C6672AE34449000EC99B /* Resources */ = {
			isa = PBXResourcesBuildPhase;
			buildActionMask = 2147483647;
			files = (
				A8ED228F2AE34A25003C4BC5 /* Controllers in Resources */,
				A8ED22902AE34A25003C4BC5 /* Info.plist in Resources */,
				A828C6762AE3444A000EC99B /* Assets.xcassets in Resources */,
				A8ED228E2AE34A25003C4BC5 /* Base.lproj in Resources */,
				A8ED228A2AE349D4003C4BC5 /* Views in Resources */,
			);
			runOnlyForDeploymentPostprocessing = 0;
		};
/* End PBXResourcesBuildPhase section */

/* Begin PBXSourcesBuildPhase section */
		A828C6652AE34449000EC99B /* Sources */ = {
			isa = PBXSourcesBuildPhase;
			buildActionMask = 2147483647;
			files = (
				A828C66D2AE34449000EC99B /* AppDelegate.swift in Sources */,
				A828C66F2AE34449000EC99B /* SceneDelegate.swift in Sources */,
			);
			runOnlyForDeploymentPostprocessing = 0;
		};
/* End PBXSourcesBuildPhase section */

/* Begin XCBuildConfiguration section */
		A828C67B2AE3444A000EC99B /* Debug */ = {
			isa = XCBuildConfiguration;
			buildSettings = {
				ALWAYS_SEARCH_USER_PATHS = NO;
				CLANG_ANALYZER_NONNULL = YES;
				CLANG_ANALYZER_NUMBER_OBJECT_CONVERSION = YES_AGGRESSIVE;
				CLANG_CXX_LANGUAGE_STANDARD = "gnu++20";
				CLANG_ENABLE_MODULES = YES;
				CLANG_ENABLE_OBJC_ARC = YES;
				CLANG_ENABLE_OBJC_WEAK = YES;
				CLANG_WARN_BLOCK_CAPTURE_AUTORELEASING = YES;
				CLANG_WARN_BOOL_CONVERSION = YES;
				CLANG_WARN_COMMA = YES;
				CLANG_WARN_CONSTANT_CONVERSION = YES;
				CLANG_WARN_DEPRECATED_OBJC_IMPLEMENTATIONS = YES;
				CLANG_WARN_DIRECT_OBJC_ISA_USAGE = YES_ERROR;
				CLANG_WARN_DOCUMENTATION_COMMENTS = YES;
				CLANG_WARN_EMPTY_BODY = YES;
				CLANG_WARN_ENUM_CONVERSION = YES;
				CLANG_WARN_INFINITE_RECURSION = YES;
				CLANG_WARN_INT_CONVERSION = YES;
				CLANG_WARN_NON_LITERAL_NULL_CONVERSION = YES;
				CLANG_WARN_OBJC_IMPLICIT_RETAIN_SELF = YES;
				CLANG_WARN_OBJC_LITERAL_CONVERSION = YES;
				CLANG_WARN_OBJC_ROOT_CLASS = YES_ERROR;
				CLANG_WARN_QUOTED_INCLUDE_IN_FRAMEWORK_HEADER = YES;
				CLANG_WARN_RANGE_LOOP_ANALYSIS = YES;
				CLANG_WARN_STRICT_PROTOTYPES = YES;
				CLANG_WARN_SUSPICIOUS_MOVE = YES;
				CLANG_WARN_UNGUARDED_AVAILABILITY = YES_AGGRESSIVE;
				CLANG_WARN_UNREACHABLE_CODE = YES;
				CLANG_WARN__DUPLICATE_METHOD_MATCH = YES;
				COPY_PHASE_STRIP = NO;
				DEBUG_INFORMATION_FORMAT = dwarf;
				ENABLE_STRICT_OBJC_MSGSEND = YES;
				ENABLE_TESTABILITY = YES;
				GCC_C_LANGUAGE_STANDARD = gnu11;
				GCC_DYNAMIC_NO_PIC = NO;
				GCC_NO_COMMON_BLOCKS = YES;
				GCC_OPTIMIZATION_LEVEL = 0;
				GCC_PREPROCESSOR_DEFINITIONS = (
					"DEBUG=1",
					"$(inherited)",
				);
				GCC_WARN_64_TO_32_BIT_CONVERSION = YES;
				GCC_WARN_ABOUT_RETURN_TYPE = YES_ERROR;
				GCC_WARN_UNDECLARED_SELECTOR = YES;
				GCC_WARN_UNINITIALIZED_AUTOS = YES_AGGRESSIVE;
				GCC_WARN_UNUSED_FUNCTION = YES;
				GCC_WARN_UNUSED_VARIABLE = YES;
				IPHONEOS_DEPLOYMENT_TARGET = 16.4;
				MTL_ENABLE_DEBUG_INFO = INCLUDE_SOURCE;
				MTL_FAST_MATH = YES;
				ONLY_ACTIVE_ARCH = YES;
				SDKROOT = iphoneos;
				SWIFT_ACTIVE_COMPILATION_CONDITIONS = DEBUG;
				SWIFT_OPTIMIZATION_LEVEL = "-Onone";
			};
			name = Debug;
		};
		A828C67C2AE3444A000EC99B /* Release */ = {
			isa = XCBuildConfiguration;
			buildSettings = {
				ALWAYS_SEARCH_USER_PATHS = NO;
				CLANG_ANALYZER_NONNULL = YES;
				CLANG_ANALYZER_NUMBER_OBJECT_CONVERSION = YES_AGGRESSIVE;
				CLANG_CXX_LANGUAGE_STANDARD = "gnu++20";
				CLANG_ENABLE_MODULES = YES;
				CLANG_ENABLE_OBJC_ARC = YES;
				CLANG_ENABLE_OBJC_WEAK = YES;
				CLANG_WARN_BLOCK_CAPTURE_AUTORELEASING = YES;
				CLANG_WARN_BOOL_CONVERSION = YES;
				CLANG_WARN_COMMA = YES;
				CLANG_WARN_CONSTANT_CONVERSION = YES;
				CLANG_WARN_DEPRECATED_OBJC_IMPLEMENTATIONS = YES;
				CLANG_WARN_DIRECT_OBJC_ISA_USAGE = YES_ERROR;
				CLANG_WARN_DOCUMENTATION_COMMENTS = YES;
				CLANG_WARN_EMPTY_BODY = YES;
				CLANG_WARN_ENUM_CONVERSION = YES;
				CLANG_WARN_INFINITE_RECURSION = YES;
				CLANG_WARN_INT_CONVERSION = YES;
				CLANG_WARN_NON_LITERAL_NULL_CONVERSION = YES;
				CLANG_WARN_OBJC_IMPLICIT_RETAIN_SELF = YES;
				CLANG_WARN_OBJC_LITERAL_CONVERSION = YES;
				CLANG_WARN_OBJC_ROOT_CLASS = YES_ERROR;
				CLANG_WARN_QUOTED_INCLUDE_IN_FRAMEWORK_HEADER = YES;
				CLANG_WARN_RANGE_LOOP_ANALYSIS = YES;
				CLANG_WARN_STRICT_PROTOTYPES = YES;
				CLANG_WARN_SUSPICIOUS_MOVE = YES;
				CLANG_WARN_UNGUARDED_AVAILABILITY = YES_AGGRESSIVE;
				CLANG_WARN_UNREACHABLE_CODE = YES;
				CLANG_WARN__DUPLICATE_METHOD_MATCH = YES;
				COPY_PHASE_STRIP = NO;
				DEBUG_INFORMATION_FORMAT = "dwarf-with-dsym";
				ENABLE_NS_ASSERTIONS = NO;
				ENABLE_STRICT_OBJC_MSGSEND = YES;
				GCC_C_LANGUAGE_STANDARD = gnu11;
				GCC_NO_COMMON_BLOCKS = YES;
				GCC_WARN_64_TO_32_BIT_CONVERSION = YES;
				GCC_WARN_ABOUT_RETURN_TYPE = YES_ERROR;
				GCC_WARN_UNDECLARED_SELECTOR = YES;
				GCC_WARN_UNINITIALIZED_AUTOS = YES_AGGRESSIVE;
				GCC_WARN_UNUSED_FUNCTION = YES;
				GCC_WARN_UNUSED_VARIABLE = YES;
				IPHONEOS_DEPLOYMENT_TARGET = 16.4;
				MTL_ENABLE_DEBUG_INFO = NO;
				MTL_FAST_MATH = YES;
				SDKROOT = iphoneos;
				SWIFT_COMPILATION_MODE = wholemodule;
				SWIFT_OPTIMIZATION_LEVEL = "-O";
				VALIDATE_PRODUCT = YES;
			};
			name = Release;
		};
		A828C67E2AE3444A000EC99B /* Debug */ = {
			isa = XCBuildConfiguration;
			buildSettings = {
				ASSETCATALOG_COMPILER_APPICON_NAME = AppIcon;
				ASSETCATALOG_COMPILER_GLOBAL_ACCENT_COLOR_NAME = AccentColor;
				CODE_SIGN_STYLE = Automatic;
				CURRENT_PROJECT_VERSION = 1;
				DEVELOPMENT_TEAM = CBW66DK25B;
				GENERATE_INFOPLIST_FILE = YES;
				INFOPLIST_FILE = CheckYourBMI/Info.plist;
				INFOPLIST_KEY_UIApplicationSupportsIndirectInputEvents = YES;
				INFOPLIST_KEY_UILaunchStoryboardName = LaunchScreen;
				INFOPLIST_KEY_UIMainStoryboardFile = Main;
				INFOPLIST_KEY_UISupportedInterfaceOrientations_iPad = "UIInterfaceOrientationPortrait UIInterfaceOrientationPortraitUpsideDown UIInterfaceOrientationLandscapeLeft UIInterfaceOrientationLandscapeRight";
				INFOPLIST_KEY_UISupportedInterfaceOrientations_iPhone = "UIInterfaceOrientationPortrait UIInterfaceOrientationLandscapeLeft UIInterfaceOrientationLandscapeRight";
				IPHONEOS_DEPLOYMENT_TARGET = 13.0;
				LD_RUNPATH_SEARCH_PATHS = (
					"$(inherited)",
					"@executable_path/Frameworks",
				);
				MARKETING_VERSION = 1.0;
				PRODUCT_BUNDLE_IDENTIFIER = com.nuhusulemana.CheckYourBMI;
				PRODUCT_NAME = "$(TARGET_NAME)";
				SWIFT_EMIT_LOC_STRINGS = YES;
				SWIFT_VERSION = 5.0;
				TARGETED_DEVICE_FAMILY = "1,2";
			};
			name = Debug;
		};
		A828C67F2AE3444A000EC99B /* Release */ = {
			isa = XCBuildConfiguration;
			buildSettings = {
				ASSETCATALOG_COMPILER_APPICON_NAME = AppIcon;
				ASSETCATALOG_COMPILER_GLOBAL_ACCENT_COLOR_NAME = AccentColor;
				CODE_SIGN_STYLE = Automatic;
				CURRENT_PROJECT_VERSION = 1;
				DEVELOPMENT_TEAM = CBW66DK25B;
				GENERATE_INFOPLIST_FILE = YES;
				INFOPLIST_FILE = CheckYourBMI/Info.plist;
				INFOPLIST_KEY_UIApplicationSupportsIndirectInputEvents = YES;
				INFOPLIST_KEY_UILaunchStoryboardName = LaunchScreen;
				INFOPLIST_KEY_UIMainStoryboardFile = Main;
				INFOPLIST_KEY_UISupportedInterfaceOrientations_iPad = "UIInterfaceOrientationPortrait UIInterfaceOrientationPortraitUpsideDown UIInterfaceOrientationLandscapeLeft UIInterfaceOrientationLandscapeRight";
				INFOPLIST_KEY_UISupportedInterfaceOrientations_iPhone = "UIInterfaceOrientationPortrait UIInterfaceOrientationLandscapeLeft UIInterfaceOrientationLandscapeRight";
				IPHONEOS_DEPLOYMENT_TARGET = 13.0;
				LD_RUNPATH_SEARCH_PATHS = (
					"$(inherited)",
					"@executable_path/Frameworks",
				);
				MARKETING_VERSION = 1.0;
				PRODUCT_BUNDLE_IDENTIFIER = com.nuhusulemana.CheckYourBMI;
				PRODUCT_NAME = "$(TARGET_NAME)";
				SWIFT_EMIT_LOC_STRINGS = YES;
				SWIFT_VERSION = 5.0;
				TARGETED_DEVICE_FAMILY = "1,2";
			};
			name = Release;
		};
/* End XCBuildConfiguration section */

/* Begin XCConfigurationList section */
		A828C6642AE34449000EC99B /* Build configuration list for PBXProject "CheckYourBMI" */ = {
			isa = XCConfigurationList;
			buildConfigurations = (
				A828C67B2AE3444A000EC99B /* Debug */,
				A828C67C2AE3444A000EC99B /* Release */,
			);
			defaultConfigurationIsVisible = 0;
			defaultConfigurationName = Release;
		};
		A828C67D2AE3444A000EC99B /* Build configuration list for PBXNativeTarget "CheckYourBMI" */ = {
			isa = XCConfigurationList;
			buildConfigurations = (
				A828C67E2AE3444A000EC99B /* Debug */,
				A828C67F2AE3444A000EC99B /* Release */,
			);
			defaultConfigurationIsVisible = 0;
			defaultConfigurationName = Release;
		};
/* End XCConfigurationList section */
	};
	rootObject = A828C6612AE34449000EC99B /* Project object */;
}
