// !$*UTF8*$!
{
	archiveVersion = 1;
	classes = {
	};
	objectVersion = 56;
	objects = {

/* Begin PBXBuildFile section */
		A80DC0802B029E5600AD6D0B /* WeatherData.swift in Sources */ = {isa = PBXBuildFile; fileRef = A80DC07F2B029E5600AD6D0B /* WeatherData.swift */; };
		A898C8112B0430B600AE5455 /* WeatherModel.swift in Sources */ = {isa = PBXBuildFile; fileRef = A898C8102B0430B600AE5455 /* WeatherModel.swift */; };
		A8A044AF2B0112BA00896717 /* WeatherManager.swift in Sources */ = {isa = PBXBuildFile; fileRef = A8A044AE2B0112BA00896717 /* WeatherManager.swift */; };
		A8F202362AF38D0400EFCCEA /* AppDelegate.swift in Sources */ = {isa = PBXBuildFile; fileRef = A8F202352AF38D0400EFCCEA /* AppDelegate.swift */; };
		A8F202382AF38D0400EFCCEA /* SceneDelegate.swift in Sources */ = {isa = PBXBuildFile; fileRef = A8F202372AF38D0400EFCCEA /* SceneDelegate.swift */; };
		A8F2023F2AF38D0500EFCCEA /* Assets.xcassets in Resources */ = {isa = PBXBuildFile; fileRef = A8F2023E2AF38D0500EFCCEA /* Assets.xcassets */; };
		A8F202422AF38D0500EFCCEA /* LaunchScreen.storyboard in Resources */ = {isa = PBXBuildFile; fileRef = A8F202402AF38D0500EFCCEA /* LaunchScreen.storyboard */; };
		A8F202512AF392C400EFCCEA /* WeatherViewController.swift in Sources */ = {isa = PBXBuildFile; fileRef = A8F2024B2AF392C400EFCCEA /* WeatherViewController.swift */; };
		A8F202522AF392C400EFCCEA /* Main.storyboard in Resources */ = {isa = PBXBuildFile; fileRef = A8F2024D2AF392C400EFCCEA /* Main.storyboard */; };
/* End PBXBuildFile section */

/* Begin PBXFileReference section */
		A80DC07F2B029E5600AD6D0B /* WeatherData.swift */ = {isa = PBXFileReference; lastKnownFileType = sourcecode.swift; path = WeatherData.swift; sourceTree = "<group>"; };
		A898C8102B0430B600AE5455 /* WeatherModel.swift */ = {isa = PBXFileReference; lastKnownFileType = sourcecode.swift; path = WeatherModel.swift; sourceTree = "<group>"; };
		A8A044AE2B0112BA00896717 /* WeatherManager.swift */ = {isa = PBXFileReference; lastKnownFileType = sourcecode.swift; path = WeatherManager.swift; sourceTree = "<group>"; };
		A8F202322AF38D0400EFCCEA /* ClimaWeatherApp.app */ = {isa = PBXFileReference; explicitFileType = wrapper.application; includeInIndex = 0; path = ClimaWeatherApp.app; sourceTree = BUILT_PRODUCTS_DIR; };
		A8F202352AF38D0400EFCCEA /* AppDelegate.swift */ = {isa = PBXFileReference; lastKnownFileType = sourcecode.swift; path = AppDelegate.swift; sourceTree = "<group>"; };
		A8F202372AF38D0400EFCCEA /* SceneDelegate.swift */ = {isa = PBXFileReference; lastKnownFileType = sourcecode.swift; path = SceneDelegate.swift; sourceTree = "<group>"; };
		A8F2023E2AF38D0500EFCCEA /* Assets.xcassets */ = {isa = PBXFileReference; lastKnownFileType = folder.assetcatalog; path = Assets.xcassets; sourceTree = "<group>"; };
		A8F202412AF38D0500EFCCEA /* Base */ = {isa = PBXFileReference; lastKnownFileType = file.storyboard; name = Base; path = Base.lproj/LaunchScreen.storyboard; sourceTree = "<group>"; };
		A8F202432AF38D0500EFCCEA /* Info.plist */ = {isa = PBXFileReference; lastKnownFileType = text.plist.xml; path = Info.plist; sourceTree = "<group>"; };
		A8F2024B2AF392C400EFCCEA /* WeatherViewController.swift */ = {isa = PBXFileReference; fileEncoding = 4; lastKnownFileType = sourcecode.swift; path = WeatherViewController.swift; sourceTree = "<group>"; };
		A8F2024E2AF392C400EFCCEA /* Base */ = {isa = PBXFileReference; lastKnownFileType = file.storyboard; name = Base; path = Base.lproj/Main.storyboard; sourceTree = "<group>"; };
/* End PBXFileReference section */

/* Begin PBXFrameworksBuildPhase section */
		A8F2022F2AF38D0400EFCCEA /* Frameworks */ = {
			isa = PBXFrameworksBuildPhase;
			buildActionMask = 2147483647;
			files = (
			);
			runOnlyForDeploymentPostprocessing = 0;
		};
/* End PBXFrameworksBuildPhase section */

/* Begin PBXGroup section */
		A8A044AD2AFD42FB00896717 /* Model */ = {
			isa = PBXGroup;
			children = (
				A898C8102B0430B600AE5455 /* WeatherModel.swift */,
				A80DC07F2B029E5600AD6D0B /* WeatherData.swift */,
			);
			path = Model;
			sourceTree = "<group>";
		};
		A8F202292AF38D0400EFCCEA = {
			isa = PBXGroup;
			children = (
				A8F202342AF38D0400EFCCEA /* ClimaWeatherApp */,
				A8F202332AF38D0400EFCCEA /* Products */,
			);
			sourceTree = "<group>";
		};
		A8F202332AF38D0400EFCCEA /* Products */ = {
			isa = PBXGroup;
			children = (
				A8F202322AF38D0400EFCCEA /* ClimaWeatherApp.app */,
			);
			name = Products;
			sourceTree = "<group>";
		};
		A8F202342AF38D0400EFCCEA /* ClimaWeatherApp */ = {
			isa = PBXGroup;
			children = (
				A8F202352AF38D0400EFCCEA /* AppDelegate.swift */,
				A8F202372AF38D0400EFCCEA /* SceneDelegate.swift */,
				A8A044AD2AFD42FB00896717 /* Model */,
				A8F2024C2AF392C400EFCCEA /* View */,
				A8F2024A2AF392C400EFCCEA /* Controller */,
				A8F2023E2AF38D0500EFCCEA /* Assets.xcassets */,
				A8F202402AF38D0500EFCCEA /* LaunchScreen.storyboard */,
				A8F202432AF38D0500EFCCEA /* Info.plist */,
			);
			path = ClimaWeatherApp;
			sourceTree = "<group>";
		};
		A8F2024A2AF392C400EFCCEA /* Controller */ = {
			isa = PBXGroup;
			children = (
				A8F2024B2AF392C400EFCCEA /* WeatherViewController.swift */,
				A8A044AE2B0112BA00896717 /* WeatherManager.swift */,
			);
			path = Controller;
			sourceTree = "<group>";
		};
		A8F2024C2AF392C400EFCCEA /* View */ = {
			isa = PBXGroup;
			children = (
				A8F2024D2AF392C400EFCCEA /* Main.storyboard */,
			);
			path = View;
			sourceTree = "<group>";
		};
/* End PBXGroup section */

/* Begin PBXNativeTarget section */
		A8F202312AF38D0400EFCCEA /* ClimaWeatherApp */ = {
			isa = PBXNativeTarget;
			buildConfigurationList = A8F202462AF38D0500EFCCEA /* Build configuration list for PBXNativeTarget "ClimaWeatherApp" */;
			buildPhases = (
				A8F2022E2AF38D0400EFCCEA /* Sources */,
				A8F2022F2AF38D0400EFCCEA /* Frameworks */,
				A8F202302AF38D0400EFCCEA /* Resources */,
			);
			buildRules = (
			);
			dependencies = (
			);
			name = ClimaWeatherApp;
			productName = ClimaWeatherApp;
			productReference = A8F202322AF38D0400EFCCEA /* ClimaWeatherApp.app */;
			productType = "com.apple.product-type.application";
		};
/* End PBXNativeTarget section */

/* Begin PBXProject section */
		A8F2022A2AF38D0400EFCCEA /* Project object */ = {
			isa = PBXProject;
			attributes = {
				BuildIndependentTargetsInParallel = 1;
				LastSwiftUpdateCheck = 1430;
				LastUpgradeCheck = 1430;
				ORGANIZATIONNAME = SwiftingWithTurosung;
				TargetAttributes = {
					A8F202312AF38D0400EFCCEA = {
						CreatedOnToolsVersion = 14.3.1;
					};
				};
			};
			buildConfigurationList = A8F2022D2AF38D0400EFCCEA /* Build configuration list for PBXProject "ClimaWeatherApp" */;
			compatibilityVersion = "Xcode 14.0";
			developmentRegion = en;
			hasScannedForEncodings = 0;
			knownRegions = (
				en,
				Base,
			);
			mainGroup = A8F202292AF38D0400EFCCEA;
			productRefGroup = A8F202332AF38D0400EFCCEA /* Products */;
			projectDirPath = "";
			projectRoot = "";
			targets = (
				A8F202312AF38D0400EFCCEA /* ClimaWeatherApp */,
			);
		};
/* End PBXProject section */

/* Begin PBXResourcesBuildPhase section */
		A8F202302AF38D0400EFCCEA /* Resources */ = {
			isa = PBXResourcesBuildPhase;
			buildActionMask = 2147483647;
			files = (
				A8F202422AF38D0500EFCCEA /* LaunchScreen.storyboard in Resources */,
				A8F202522AF392C400EFCCEA /* Main.storyboard in Resources */,
				A8F2023F2AF38D0500EFCCEA /* Assets.xcassets in Resources */,
			);
			runOnlyForDeploymentPostprocessing = 0;
		};
/* End PBXResourcesBuildPhase section */

/* Begin PBXSourcesBuildPhase section */
		A8F2022E2AF38D0400EFCCEA /* Sources */ = {
			isa = PBXSourcesBuildPhase;
			buildActionMask = 2147483647;
			files = (
				A8F202512AF392C400EFCCEA /* WeatherViewController.swift in Sources */,
				A80DC0802B029E5600AD6D0B /* WeatherData.swift in Sources */,
				A8F202362AF38D0400EFCCEA /* AppDelegate.swift in Sources */,
				A8A044AF2B0112BA00896717 /* WeatherManager.swift in Sources */,
				A898C8112B0430B600AE5455 /* WeatherModel.swift in Sources */,
				A8F202382AF38D0400EFCCEA /* SceneDelegate.swift in Sources */,
			);
			runOnlyForDeploymentPostprocessing = 0;
		};
/* End PBXSourcesBuildPhase section */

/* Begin PBXVariantGroup section */
		A8F202402AF38D0500EFCCEA /* LaunchScreen.storyboard */ = {
			isa = PBXVariantGroup;
			children = (
				A8F202412AF38D0500EFCCEA /* Base */,
			);
			name = LaunchScreen.storyboard;
			sourceTree = "<group>";
		};
		A8F2024D2AF392C400EFCCEA /* Main.storyboard */ = {
			isa = PBXVariantGroup;
			children = (
				A8F2024E2AF392C400EFCCEA /* Base */,
			);
			name = Main.storyboard;
			sourceTree = "<group>";
		};
/* End PBXVariantGroup section */

/* Begin XCBuildConfiguration section */
		A8F202442AF38D0500EFCCEA /* Debug */ = {
			isa = XCBuildConfiguration;
			buildSettings = {
				ALWAYS_SEARCH_USER_PATHS = NO;
				CLANG_ANALYZER_NONNULL = YES;
				CLANG_ANALYZER_NUMBER_OBJECT_CONVERSION = YES_AGGRESSIVE;
				CLANG_CXX_LANGUAGE_STANDARD = "gnu++20";
				CLANG_ENABLE_MODULES = YES;
				CLANG_ENABLE_OBJC_ARC = YES;
				CLANG_ENABLE_OBJC_WEAK = YES;
				CLANG_WARN_BLOCK_CAPTURE_AUTORELEASING = YES;
				CLANG_WARN_BOOL_CONVERSION = YES;
				CLANG_WARN_COMMA = YES;
				CLANG_WARN_CONSTANT_CONVERSION = YES;
				CLANG_WARN_DEPRECATED_OBJC_IMPLEMENTATIONS = YES;
				CLANG_WARN_DIRECT_OBJC_ISA_USAGE = YES_ERROR;
				CLANG_WARN_DOCUMENTATION_COMMENTS = YES;
				CLANG_WARN_EMPTY_BODY = YES;
				CLANG_WARN_ENUM_CONVERSION = YES;
				CLANG_WARN_INFINITE_RECURSION = YES;
				CLANG_WARN_INT_CONVERSION = YES;
				CLANG_WARN_NON_LITERAL_NULL_CONVERSION = YES;
				CLANG_WARN_OBJC_IMPLICIT_RETAIN_SELF = YES;
				CLANG_WARN_OBJC_LITERAL_CONVERSION = YES;
				CLANG_WARN_OBJC_ROOT_CLASS = YES_ERROR;
				CLANG_WARN_QUOTED_INCLUDE_IN_FRAMEWORK_HEADER = YES;
				CLANG_WARN_RANGE_LOOP_ANALYSIS = YES;
				CLANG_WARN_STRICT_PROTOTYPES = YES;
				CLANG_WARN_SUSPICIOUS_MOVE = YES;
				CLANG_WARN_UNGUARDED_AVAILABILITY = YES_AGGRESSIVE;
				CLANG_WARN_UNREACHABLE_CODE = YES;
				CLANG_WARN__DUPLICATE_METHOD_MATCH = YES;
				COPY_PHASE_STRIP = NO;
				DEBUG_INFORMATION_FORMAT = dwarf;
				ENABLE_STRICT_OBJC_MSGSEND = YES;
				ENABLE_TESTABILITY = YES;
				GCC_C_LANGUAGE_STANDARD = gnu11;
				GCC_DYNAMIC_NO_PIC = NO;
				GCC_NO_COMMON_BLOCKS = YES;
				GCC_OPTIMIZATION_LEVEL = 0;
				GCC_PREPROCESSOR_DEFINITIONS = (
					"DEBUG=1",
					"$(inherited)",
				);
				GCC_WARN_64_TO_32_BIT_CONVERSION = YES;
				GCC_WARN_ABOUT_RETURN_TYPE = YES_ERROR;
				GCC_WARN_UNDECLARED_SELECTOR = YES;
				GCC_WARN_UNINITIALIZED_AUTOS = YES_AGGRESSIVE;
				GCC_WARN_UNUSED_FUNCTION = YES;
				GCC_WARN_UNUSED_VARIABLE = YES;
				IPHONEOS_DEPLOYMENT_TARGET = 16.4;
				MTL_ENABLE_DEBUG_INFO = INCLUDE_SOURCE;
				MTL_FAST_MATH = YES;
				ONLY_ACTIVE_ARCH = YES;
				SDKROOT = iphoneos;
				SWIFT_ACTIVE_COMPILATION_CONDITIONS = DEBUG;
				SWIFT_OPTIMIZATION_LEVEL = "-Onone";
			};
			name = Debug;
		};
		A8F202452AF38D0500EFCCEA /* Release */ = {
			isa = XCBuildConfiguration;
			buildSettings = {
				ALWAYS_SEARCH_USER_PATHS = NO;
				CLANG_ANALYZER_NONNULL = YES;
				CLANG_ANALYZER_NUMBER_OBJECT_CONVERSION = YES_AGGRESSIVE;
				CLANG_CXX_LANGUAGE_STANDARD = "gnu++20";
				CLANG_ENABLE_MODULES = YES;
				CLANG_ENABLE_OBJC_ARC = YES;
				CLANG_ENABLE_OBJC_WEAK = YES;
				CLANG_WARN_BLOCK_CAPTURE_AUTORELEASING = YES;
				CLANG_WARN_BOOL_CONVERSION = YES;
				CLANG_WARN_COMMA = YES;
				CLANG_WARN_CONSTANT_CONVERSION = YES;
				CLANG_WARN_DEPRECATED_OBJC_IMPLEMENTATIONS = YES;
				CLANG_WARN_DIRECT_OBJC_ISA_USAGE = YES_ERROR;
				CLANG_WARN_DOCUMENTATION_COMMENTS = YES;
				CLANG_WARN_EMPTY_BODY = YES;
				CLANG_WARN_ENUM_CONVERSION = YES;
				CLANG_WARN_INFINITE_RECURSION = YES;
				CLANG_WARN_INT_CONVERSION = YES;
				CLANG_WARN_NON_LITERAL_NULL_CONVERSION = YES;
				CLANG_WARN_OBJC_IMPLICIT_RETAIN_SELF = YES;
				CLANG_WARN_OBJC_LITERAL_CONVERSION = YES;
				CLANG_WARN_OBJC_ROOT_CLASS = YES_ERROR;
				CLANG_WARN_QUOTED_INCLUDE_IN_FRAMEWORK_HEADER = YES;
				CLANG_WARN_RANGE_LOOP_ANALYSIS = YES;
				CLANG_WARN_STRICT_PROTOTYPES = YES;
				CLANG_WARN_SUSPICIOUS_MOVE = YES;
				CLANG_WARN_UNGUARDED_AVAILABILITY = YES_AGGRESSIVE;
				CLANG_WARN_UNREACHABLE_CODE = YES;
				CLANG_WARN__DUPLICATE_METHOD_MATCH = YES;
				COPY_PHASE_STRIP = NO;
				DEBUG_INFORMATION_FORMAT = "dwarf-with-dsym";
				ENABLE_NS_ASSERTIONS = NO;
				ENABLE_STRICT_OBJC_MSGSEND = YES;
				GCC_C_LANGUAGE_STANDARD = gnu11;
				GCC_NO_COMMON_BLOCKS = YES;
				GCC_WARN_64_TO_32_BIT_CONVERSION = YES;
				GCC_WARN_ABOUT_RETURN_TYPE = YES_ERROR;
				GCC_WARN_UNDECLARED_SELECTOR = YES;
				GCC_WARN_UNINITIALIZED_AUTOS = YES_AGGRESSIVE;
				GCC_WARN_UNUSED_FUNCTION = YES;
				GCC_WARN_UNUSED_VARIABLE = YES;
				IPHONEOS_DEPLOYMENT_TARGET = 16.4;
				MTL_ENABLE_DEBUG_INFO = NO;
				MTL_FAST_MATH = YES;
				SDKROOT = iphoneos;
				SWIFT_COMPILATION_MODE = wholemodule;
				SWIFT_OPTIMIZATION_LEVEL = "-O";
				VALIDATE_PRODUCT = YES;
			};
			name = Release;
		};
		A8F202472AF38D0500EFCCEA /* Debug */ = {
			isa = XCBuildConfiguration;
			buildSettings = {
				ASSETCATALOG_COMPILER_APPICON_NAME = AppIcon;
				ASSETCATALOG_COMPILER_GLOBAL_ACCENT_COLOR_NAME = AccentColor;
				CODE_SIGN_STYLE = Automatic;
				CURRENT_PROJECT_VERSION = 1;
				DEVELOPMENT_TEAM = CBW66DK25B;
				GENERATE_INFOPLIST_FILE = YES;
				INFOPLIST_FILE = ClimaWeatherApp/Info.plist;
				INFOPLIST_KEY_UIApplicationSupportsIndirectInputEvents = YES;
				INFOPLIST_KEY_UILaunchStoryboardName = LaunchScreen;
				INFOPLIST_KEY_UIMainStoryboardFile = Main;
				INFOPLIST_KEY_UISupportedInterfaceOrientations_iPad = "UIInterfaceOrientationPortrait UIInterfaceOrientationPortraitUpsideDown UIInterfaceOrientationLandscapeLeft UIInterfaceOrientationLandscapeRight";
				INFOPLIST_KEY_UISupportedInterfaceOrientations_iPhone = "UIInterfaceOrientationPortrait UIInterfaceOrientationLandscapeLeft UIInterfaceOrientationLandscapeRight";
				IPHONEOS_DEPLOYMENT_TARGET = 14.0;
				LD_RUNPATH_SEARCH_PATHS = (
					"$(inherited)",
					"@executable_path/Frameworks",
				);
				MARKETING_VERSION = 1.0;
				PRODUCT_BUNDLE_IDENTIFIER = com.nuhusulemana.ClimaWeatherApp;
				PRODUCT_NAME = "$(TARGET_NAME)";
				SWIFT_EMIT_LOC_STRINGS = YES;
				SWIFT_VERSION = 5.0;
				TARGETED_DEVICE_FAMILY = "1,2";
			};
			name = Debug;
		};
		A8F202482AF38D0500EFCCEA /* Release */ = {
			isa = XCBuildConfiguration;
			buildSettings = {
				ASSETCATALOG_COMPILER_APPICON_NAME = AppIcon;
				ASSETCATALOG_COMPILER_GLOBAL_ACCENT_COLOR_NAME = AccentColor;
				CODE_SIGN_STYLE = Automatic;
				CURRENT_PROJECT_VERSION = 1;
				DEVELOPMENT_TEAM = CBW66DK25B;
				GENERATE_INFOPLIST_FILE = YES;
				INFOPLIST_FILE = ClimaWeatherApp/Info.plist;
				INFOPLIST_KEY_UIApplicationSupportsIndirectInputEvents = YES;
				INFOPLIST_KEY_UILaunchStoryboardName = LaunchScreen;
				INFOPLIST_KEY_UIMainStoryboardFile = Main;
				INFOPLIST_KEY_UISupportedInterfaceOrientations_iPad = "UIInterfaceOrientationPortrait UIInterfaceOrientationPortraitUpsideDown UIInterfaceOrientationLandscapeLeft UIInterfaceOrientationLandscapeRight";
				INFOPLIST_KEY_UISupportedInterfaceOrientations_iPhone = "UIInterfaceOrientationPortrait UIInterfaceOrientationLandscapeLeft UIInterfaceOrientationLandscapeRight";
				IPHONEOS_DEPLOYMENT_TARGET = 14.0;
				LD_RUNPATH_SEARCH_PATHS = (
					"$(inherited)",
					"@executable_path/Frameworks",
				);
				MARKETING_VERSION = 1.0;
				PRODUCT_BUNDLE_IDENTIFIER = com.nuhusulemana.ClimaWeatherApp;
				PRODUCT_NAME = "$(TARGET_NAME)";
				SWIFT_EMIT_LOC_STRINGS = YES;
				SWIFT_VERSION = 5.0;
				TARGETED_DEVICE_FAMILY = "1,2";
			};
			name = Release;
		};
/* End XCBuildConfiguration section */

/* Begin XCConfigurationList section */
		A8F2022D2AF38D0400EFCCEA /* Build configuration list for PBXProject "ClimaWeatherApp" */ = {
			isa = XCConfigurationList;
			buildConfigurations = (
				A8F202442AF38D0500EFCCEA /* Debug */,
				A8F202452AF38D0500EFCCEA /* Release */,
			);
			defaultConfigurationIsVisible = 0;
			defaultConfigurationName = Release;
		};
		A8F202462AF38D0500EFCCEA /* Build configuration list for PBXNativeTarget "ClimaWeatherApp" */ = {
			isa = XCConfigurationList;
			buildConfigurations = (
				A8F202472AF38D0500EFCCEA /* Debug */,
				A8F202482AF38D0500EFCCEA /* Release */,
			);
			defaultConfigurationIsVisible = 0;
			defaultConfigurationName = Release;
		};
/* End XCConfigurationList section */
	};
	rootObject = A8F2022A2AF38D0400EFCCEA /* Project object */;
}
