// !$*UTF8*$!
{
	archiveVersion = 1;
	classes = {
	};
	objectVersion = 56;
	objects = {

/* Begin PBXBuildFile section */
		A85E7C542B692F8D0066D545 /* GoogleService-Info.plist in Resources */ = {isa = PBXBuildFile; fileRef = A85E7C532B692F8D0066D545 /* GoogleService-Info.plist */; };
		A85E7C562B7EE3700066D545 /* Constants.swift in Sources */ = {isa = PBXBuildFile; fileRef = A85E7C552B7EE3700066D545 /* Constants.swift */; };
		A85E7C582B7F60030066D545 /* Message.swift in Sources */ = {isa = PBXBuildFile; fileRef = A85E7C572B7F60030066D545 /* Message.swift */; };
		A85E7C5B2B7F72540066D545 /* MessageCell.swift in Sources */ = {isa = PBXBuildFile; fileRef = A85E7C592B7F72540066D545 /* MessageCell.swift */; };
		A85E7C5C2B7F72540066D545 /* MessageCell.xib in Resources */ = {isa = PBXBuildFile; fileRef = A85E7C5A2B7F72540066D545 /* MessageCell.xib */; };
		A8EF29A02B453C9300B675AC /* AppDelegate.swift in Sources */ = {isa = PBXBuildFile; fileRef = A8EF299F2B453C9300B675AC /* AppDelegate.swift */; };
		A8EF29A22B453C9300B675AC /* SceneDelegate.swift in Sources */ = {isa = PBXBuildFile; fileRef = A8EF29A12B453C9300B675AC /* SceneDelegate.swift */; };
		A8EF29A42B453C9300B675AC /* ViewController.swift in Sources */ = {isa = PBXBuildFile; fileRef = A8EF29A32B453C9300B675AC /* ViewController.swift */; };
		A8EF29A92B453C9400B675AC /* Assets.xcassets in Resources */ = {isa = PBXBuildFile; fileRef = A8EF29A82B453C9400B675AC /* Assets.xcassets */; };
		A8EF29AC2B453C9400B675AC /* LaunchScreen.storyboard in Resources */ = {isa = PBXBuildFile; fileRef = A8EF29AA2B453C9400B675AC /* LaunchScreen.storyboard */; };
		A8EF29B42B453D3C00B675AC /* README.md in Resources */ = {isa = PBXBuildFile; fileRef = A8EF29B32B453D3C00B675AC /* README.md */; };
		A8EF29BE2B453DB400B675AC /* ChatViewController.swift in Sources */ = {isa = PBXBuildFile; fileRef = A8EF29B92B453DB400B675AC /* ChatViewController.swift */; };
		A8EF29BF2B453DB400B675AC /* WelcomeViewController.swift in Sources */ = {isa = PBXBuildFile; fileRef = A8EF29BA2B453DB400B675AC /* WelcomeViewController.swift */; };
		A8EF29C02B453DB400B675AC /* LoginViewController.swift in Sources */ = {isa = PBXBuildFile; fileRef = A8EF29BB2B453DB400B675AC /* LoginViewController.swift */; };
		A8EF29C12B453DB400B675AC /* RegisterViewController.swift in Sources */ = {isa = PBXBuildFile; fileRef = A8EF29BC2B453DB400B675AC /* RegisterViewController.swift */; };
		A8EF2A1D2B45485E00B675AC /* Main.storyboard in Resources */ = {isa = PBXBuildFile; fileRef = A8EF2A1C2B45485E00B675AC /* Main.storyboard */; };
		AC753AFC1B9059D15F55C7B9 /* Pods_LetsChat.framework in Frameworks */ = {isa = PBXBuildFile; fileRef = CB9A8F418369A0C4D4C4ADC1 /* Pods_LetsChat.framework */; };
/* End PBXBuildFile section */

/* Begin PBXFileReference section */
		8FE9300564A37B0E7981BBC5 /* Pods-LetsChat.release.xcconfig */ = {isa = PBXFileReference; includeInIndex = 1; lastKnownFileType = text.xcconfig; name = "Pods-LetsChat.release.xcconfig"; path = "Target Support Files/Pods-LetsChat/Pods-LetsChat.release.xcconfig"; sourceTree = "<group>"; };
		A85E7C532B692F8D0066D545 /* GoogleService-Info.plist */ = {isa = PBXFileReference; fileEncoding = 4; lastKnownFileType = text.plist.xml; path = "GoogleService-Info.plist"; sourceTree = "<group>"; };
		A85E7C552B7EE3700066D545 /* Constants.swift */ = {isa = PBXFileReference; lastKnownFileType = sourcecode.swift; path = Constants.swift; sourceTree = "<group>"; };
		A85E7C572B7F60030066D545 /* Message.swift */ = {isa = PBXFileReference; lastKnownFileType = sourcecode.swift; path = Message.swift; sourceTree = "<group>"; };
		A85E7C592B7F72540066D545 /* MessageCell.swift */ = {isa = PBXFileReference; lastKnownFileType = sourcecode.swift; path = MessageCell.swift; sourceTree = "<group>"; };
		A85E7C5A2B7F72540066D545 /* MessageCell.xib */ = {isa = PBXFileReference; lastKnownFileType = file.xib; path = MessageCell.xib; sourceTree = "<group>"; };
		A8EF299C2B453C9300B675AC /* LetsChat.app */ = {isa = PBXFileReference; explicitFileType = wrapper.application; includeInIndex = 0; path = LetsChat.app; sourceTree = BUILT_PRODUCTS_DIR; };
		A8EF299F2B453C9300B675AC /* AppDelegate.swift */ = {isa = PBXFileReference; lastKnownFileType = sourcecode.swift; path = AppDelegate.swift; sourceTree = "<group>"; };
		A8EF29A12B453C9300B675AC /* SceneDelegate.swift */ = {isa = PBXFileReference; lastKnownFileType = sourcecode.swift; path = SceneDelegate.swift; sourceTree = "<group>"; };
		A8EF29A32B453C9300B675AC /* ViewController.swift */ = {isa = PBXFileReference; lastKnownFileType = sourcecode.swift; path = ViewController.swift; sourceTree = "<group>"; };
		A8EF29A82B453C9400B675AC /* Assets.xcassets */ = {isa = PBXFileReference; lastKnownFileType = folder.assetcatalog; path = Assets.xcassets; sourceTree = "<group>"; };
		A8EF29AB2B453C9400B675AC /* Base */ = {isa = PBXFileReference; lastKnownFileType = file.storyboard; name = Base; path = Base.lproj/LaunchScreen.storyboard; sourceTree = "<group>"; };
		A8EF29AD2B453C9400B675AC /* Info.plist */ = {isa = PBXFileReference; lastKnownFileType = text.plist.xml; path = Info.plist; sourceTree = "<group>"; };
		A8EF29B32B453D3C00B675AC /* README.md */ = {isa = PBXFileReference; fileEncoding = 4; lastKnownFileType = net.daringfireball.markdown; path = README.md; sourceTree = "<group>"; };
		A8EF29B92B453DB400B675AC /* ChatViewController.swift */ = {isa = PBXFileReference; fileEncoding = 4; lastKnownFileType = sourcecode.swift; path = ChatViewController.swift; sourceTree = "<group>"; };
		A8EF29BA2B453DB400B675AC /* WelcomeViewController.swift */ = {isa = PBXFileReference; fileEncoding = 4; lastKnownFileType = sourcecode.swift; path = WelcomeViewController.swift; sourceTree = "<group>"; };
		A8EF29BB2B453DB400B675AC /* LoginViewController.swift */ = {isa = PBXFileReference; fileEncoding = 4; lastKnownFileType = sourcecode.swift; path = LoginViewController.swift; sourceTree = "<group>"; };
		A8EF29BC2B453DB400B675AC /* RegisterViewController.swift */ = {isa = PBXFileReference; fileEncoding = 4; lastKnownFileType = sourcecode.swift; path = RegisterViewController.swift; sourceTree = "<group>"; };
		A8EF2A1C2B45485E00B675AC /* Main.storyboard */ = {isa = PBXFileReference; fileEncoding = 4; lastKnownFileType = file.storyboard; path = Main.storyboard; sourceTree = "<group>"; };
		CB9A8F418369A0C4D4C4ADC1 /* Pods_LetsChat.framework */ = {isa = PBXFileReference; explicitFileType = wrapper.framework; includeInIndex = 0; path = Pods_LetsChat.framework; sourceTree = BUILT_PRODUCTS_DIR; };
		DC5FCFF2EC123F8EEC4445D5 /* Pods-LetsChat.debug.xcconfig */ = {isa = PBXFileReference; includeInIndex = 1; lastKnownFileType = text.xcconfig; name = "Pods-LetsChat.debug.xcconfig"; path = "Target Support Files/Pods-LetsChat/Pods-LetsChat.debug.xcconfig"; sourceTree = "<group>"; };
/* End PBXFileReference section */

/* Begin PBXFrameworksBuildPhase section */
		A8EF29992B453C9300B675AC /* Frameworks */ = {
			isa = PBXFrameworksBuildPhase;
			buildActionMask = 2147483647;
			files = (
				AC753AFC1B9059D15F55C7B9 /* Pods_LetsChat.framework in Frameworks */,
			);
			runOnlyForDeploymentPostprocessing = 0;
		};
/* End PBXFrameworksBuildPhase section */

/* Begin PBXGroup section */
		A8EF29932B453C9300B675AC = {
			isa = PBXGroup;
			children = (
				A8EF29B32B453D3C00B675AC /* README.md */,
				A8EF299E2B453C9300B675AC /* LetsChat */,
				A8EF299D2B453C9300B675AC /* Products */,
				CFE0B0EA78BB48433053A7A1 /* Pods */,
				F4E4157D59B1F54E61FA3E7D /* Frameworks */,
			);
			sourceTree = "<group>";
		};
		A8EF299D2B453C9300B675AC /* Products */ = {
			isa = PBXGroup;
			children = (
				A8EF299C2B453C9300B675AC /* LetsChat.app */,
			);
			name = Products;
			sourceTree = "<group>";
		};
		A8EF299E2B453C9300B675AC /* LetsChat */ = {
			isa = PBXGroup;
			children = (
				A8EF299F2B453C9300B675AC /* AppDelegate.swift */,
				A8EF29A12B453C9300B675AC /* SceneDelegate.swift */,
				A8EF2A142B4542C500B675AC /* Model */,
				A8EF2A192B45446A00B675AC /* Views */,
				A8EF29B82B453DB400B675AC /* Controllers */,
				A8EF29A32B453C9300B675AC /* ViewController.swift */,
				A8EF29A82B453C9400B675AC /* Assets.xcassets */,
				A8EF29AA2B453C9400B675AC /* LaunchScreen.storyboard */,
				A8EF29AD2B453C9400B675AC /* Info.plist */,
				A85E7C532B692F8D0066D545 /* GoogleService-Info.plist */,
				A85E7C552B7EE3700066D545 /* Constants.swift */,
			);
			path = LetsChat;
			sourceTree = "<group>";
		};
		A8EF29B82B453DB400B675AC /* Controllers */ = {
			isa = PBXGroup;
			children = (
				A8EF29B92B453DB400B675AC /* ChatViewController.swift */,
				A8EF29BA2B453DB400B675AC /* WelcomeViewController.swift */,
				A8EF29BB2B453DB400B675AC /* LoginViewController.swift */,
				A8EF29BC2B453DB400B675AC /* RegisterViewController.swift */,
			);
			path = Controllers;
			sourceTree = "<group>";
		};
		A8EF2A142B4542C500B675AC /* Model */ = {
			isa = PBXGroup;
			children = (
				A85E7C572B7F60030066D545 /* Message.swift */,
			);
			path = Model;
			sourceTree = "<group>";
		};
		A8EF2A192B45446A00B675AC /* Views */ = {
			isa = PBXGroup;
			children = (
				A8EF2A1C2B45485E00B675AC /* Main.storyboard */,
				A85E7C592B7F72540066D545 /* MessageCell.swift */,
				A85E7C5A2B7F72540066D545 /* MessageCell.xib */,
			);
			path = Views;
			sourceTree = "<group>";
		};
		CFE0B0EA78BB48433053A7A1 /* Pods */ = {
			isa = PBXGroup;
			children = (
				DC5FCFF2EC123F8EEC4445D5 /* Pods-LetsChat.debug.xcconfig */,
				8FE9300564A37B0E7981BBC5 /* Pods-LetsChat.release.xcconfig */,
			);
			path = Pods;
			sourceTree = "<group>";
		};
		F4E4157D59B1F54E61FA3E7D /* Frameworks */ = {
			isa = PBXGroup;
			children = (
				CB9A8F418369A0C4D4C4ADC1 /* Pods_LetsChat.framework */,
			);
			name = Frameworks;
			sourceTree = "<group>";
		};
/* End PBXGroup section */

/* Begin PBXNativeTarget section */
		A8EF299B2B453C9300B675AC /* LetsChat */ = {
			isa = PBXNativeTarget;
			buildConfigurationList = A8EF29B02B453C9400B675AC /* Build configuration list for PBXNativeTarget "LetsChat" */;
			buildPhases = (
				62CACAAB5F6B0C3C4D8E54AA /* [CP] Check Pods Manifest.lock */,
				A8EF29982B453C9300B675AC /* Sources */,
				A8EF29992B453C9300B675AC /* Frameworks */,
				A8EF299A2B453C9300B675AC /* Resources */,
				ADCADF8483DCF7859A947022 /* [CP] Embed Pods Frameworks */,
			);
			buildRules = (
			);
			dependencies = (
			);
			name = LetsChat;
			productName = LetsChat;
			productReference = A8EF299C2B453C9300B675AC /* LetsChat.app */;
			productType = "com.apple.product-type.application";
		};
/* End PBXNativeTarget section */

/* Begin PBXProject section */
		A8EF29942B453C9300B675AC /* Project object */ = {
			isa = PBXProject;
			attributes = {
				BuildIndependentTargetsInParallel = 1;
				LastSwiftUpdateCheck = 1430;
				LastUpgradeCheck = 1430;
				TargetAttributes = {
					A8EF299B2B453C9300B675AC = {
						CreatedOnToolsVersion = 14.3.1;
					};
				};
			};
			buildConfigurationList = A8EF29972B453C9300B675AC /* Build configuration list for PBXProject "LetsChat" */;
			compatibilityVersion = "Xcode 14.0";
			developmentRegion = en;
			hasScannedForEncodings = 0;
			knownRegions = (
				en,
				Base,
			);
			mainGroup = A8EF29932B453C9300B675AC;
			productRefGroup = A8EF299D2B453C9300B675AC /* Products */;
			projectDirPath = "";
			projectRoot = "";
			targets = (
				A8EF299B2B453C9300B675AC /* LetsChat */,
			);
		};
/* End PBXProject section */

/* Begin PBXResourcesBuildPhase section */
		A8EF299A2B453C9300B675AC /* Resources */ = {
			isa = PBXResourcesBuildPhase;
			buildActionMask = 2147483647;
			files = (
				A8EF29AC2B453C9400B675AC /* LaunchScreen.storyboard in Resources */,
				A85E7C5C2B7F72540066D545 /* MessageCell.xib in Resources */,
				A8EF29A92B453C9400B675AC /* Assets.xcassets in Resources */,
				A85E7C542B692F8D0066D545 /* GoogleService-Info.plist in Resources */,
				A8EF29B42B453D3C00B675AC /* README.md in Resources */,
				A8EF2A1D2B45485E00B675AC /* Main.storyboard in Resources */,
			);
			runOnlyForDeploymentPostprocessing = 0;
		};
/* End PBXResourcesBuildPhase section */

/* Begin PBXShellScriptBuildPhase section */
		62CACAAB5F6B0C3C4D8E54AA /* [CP] Check Pods Manifest.lock */ = {
			isa = PBXShellScriptBuildPhase;
			buildActionMask = 2147483647;
			files = (
			);
			inputFileListPaths = (
			);
			inputPaths = (
				"${PODS_PODFILE_DIR_PATH}/Podfile.lock",
				"${PODS_ROOT}/Manifest.lock",
			);
			name = "[CP] Check Pods Manifest.lock";
			outputFileListPaths = (
			);
			outputPaths = (
				"$(DERIVED_FILE_DIR)/Pods-LetsChat-checkManifestLockResult.txt",
			);
			runOnlyForDeploymentPostprocessing = 0;
			shellPath = /bin/sh;
			shellScript = "diff \"${PODS_PODFILE_DIR_PATH}/Podfile.lock\" \"${PODS_ROOT}/Manifest.lock\" > /dev/null\nif [ $? != 0 ] ; then\n    # print error to STDERR\n    echo \"error: The sandbox is not in sync with the Podfile.lock. Run 'pod install' or update your CocoaPods installation.\" >&2\n    exit 1\nfi\n# This output is used by Xcode 'outputs' to avoid re-running this script phase.\necho \"SUCCESS\" > \"${SCRIPT_OUTPUT_FILE_0}\"\n";
			showEnvVarsInLog = 0;
		};
		ADCADF8483DCF7859A947022 /* [CP] Embed Pods Frameworks */ = {
			isa = PBXShellScriptBuildPhase;
			buildActionMask = 2147483647;
			files = (
			);
			inputFileListPaths = (
				"${PODS_ROOT}/Target Support Files/Pods-LetsChat/Pods-LetsChat-frameworks-${CONFIGURATION}-input-files.xcfilelist",
			);
			name = "[CP] Embed Pods Frameworks";
			outputFileListPaths = (
				"${PODS_ROOT}/Target Support Files/Pods-LetsChat/Pods-LetsChat-frameworks-${CONFIGURATION}-output-files.xcfilelist",
			);
			runOnlyForDeploymentPostprocessing = 0;
			shellPath = /bin/sh;
			shellScript = "\"${PODS_ROOT}/Target Support Files/Pods-LetsChat/Pods-LetsChat-frameworks.sh\"\n";
			showEnvVarsInLog = 0;
		};
/* End PBXShellScriptBuildPhase section */

/* Begin PBXSourcesBuildPhase section */
		A8EF29982B453C9300B675AC /* Sources */ = {
			isa = PBXSourcesBuildPhase;
			buildActionMask = 2147483647;
			files = (
				A8EF29C02B453DB400B675AC /* LoginViewController.swift in Sources */,
				A85E7C5B2B7F72540066D545 /* MessageCell.swift in Sources */,
				A8EF29A42B453C9300B675AC /* ViewController.swift in Sources */,
				A8EF29C12B453DB400B675AC /* RegisterViewController.swift in Sources */,
				A85E7C582B7F60030066D545 /* Message.swift in Sources */,
				A8EF29BF2B453DB400B675AC /* WelcomeViewController.swift in Sources */,
				A8EF29A02B453C9300B675AC /* AppDelegate.swift in Sources */,
				A8EF29BE2B453DB400B675AC /* ChatViewController.swift in Sources */,
				A8EF29A22B453C9300B675AC /* SceneDelegate.swift in Sources */,
				A85E7C562B7EE3700066D545 /* Constants.swift in Sources */,
			);
			runOnlyForDeploymentPostprocessing = 0;
		};
/* End PBXSourcesBuildPhase section */

/* Begin PBXVariantGroup section */
		A8EF29AA2B453C9400B675AC /* LaunchScreen.storyboard */ = {
			isa = PBXVariantGroup;
			children = (
				A8EF29AB2B453C9400B675AC /* Base */,
			);
			name = LaunchScreen.storyboard;
			sourceTree = "<group>";
		};
/* End PBXVariantGroup section */

/* Begin XCBuildConfiguration section */
		A8EF29AE2B453C9400B675AC /* Debug */ = {
			isa = XCBuildConfiguration;
			buildSettings = {
				ALWAYS_SEARCH_USER_PATHS = NO;
				CLANG_ANALYZER_NONNULL = YES;
				CLANG_ANALYZER_NUMBER_OBJECT_CONVERSION = YES_AGGRESSIVE;
				CLANG_CXX_LANGUAGE_STANDARD = "gnu++20";
				CLANG_ENABLE_MODULES = YES;
				CLANG_ENABLE_OBJC_ARC = YES;
				CLANG_ENABLE_OBJC_WEAK = YES;
				CLANG_WARN_BLOCK_CAPTURE_AUTORELEASING = YES;
				CLANG_WARN_BOOL_CONVERSION = YES;
				CLANG_WARN_COMMA = YES;
				CLANG_WARN_CONSTANT_CONVERSION = YES;
				CLANG_WARN_DEPRECATED_OBJC_IMPLEMENTATIONS = YES;
				CLANG_WARN_DIRECT_OBJC_ISA_USAGE = YES_ERROR;
				CLANG_WARN_DOCUMENTATION_COMMENTS = YES;
				CLANG_WARN_EMPTY_BODY = YES;
				CLANG_WARN_ENUM_CONVERSION = YES;
				CLANG_WARN_INFINITE_RECURSION = YES;
				CLANG_WARN_INT_CONVERSION = YES;
				CLANG_WARN_NON_LITERAL_NULL_CONVERSION = YES;
				CLANG_WARN_OBJC_IMPLICIT_RETAIN_SELF = YES;
				CLANG_WARN_OBJC_LITERAL_CONVERSION = YES;
				CLANG_WARN_OBJC_ROOT_CLASS = YES_ERROR;
				CLANG_WARN_QUOTED_INCLUDE_IN_FRAMEWORK_HEADER = YES;
				CLANG_WARN_RANGE_LOOP_ANALYSIS = YES;
				CLANG_WARN_STRICT_PROTOTYPES = YES;
				CLANG_WARN_SUSPICIOUS_MOVE = YES;
				CLANG_WARN_UNGUARDED_AVAILABILITY = YES_AGGRESSIVE;
				CLANG_WARN_UNREACHABLE_CODE = YES;
				CLANG_WARN__DUPLICATE_METHOD_MATCH = YES;
				COPY_PHASE_STRIP = NO;
				DEBUG_INFORMATION_FORMAT = dwarf;
				ENABLE_STRICT_OBJC_MSGSEND = YES;
				ENABLE_TESTABILITY = YES;
				GCC_C_LANGUAGE_STANDARD = gnu11;
				GCC_DYNAMIC_NO_PIC = NO;
				GCC_NO_COMMON_BLOCKS = YES;
				GCC_OPTIMIZATION_LEVEL = 0;
				GCC_PREPROCESSOR_DEFINITIONS = (
					"DEBUG=1",
					"$(inherited)",
				);
				GCC_WARN_64_TO_32_BIT_CONVERSION = YES;
				GCC_WARN_ABOUT_RETURN_TYPE = YES_ERROR;
				GCC_WARN_UNDECLARED_SELECTOR = YES;
				GCC_WARN_UNINITIALIZED_AUTOS = YES_AGGRESSIVE;
				GCC_WARN_UNUSED_FUNCTION = YES;
				GCC_WARN_UNUSED_VARIABLE = YES;
				IPHONEOS_DEPLOYMENT_TARGET = 13.0;
				MTL_ENABLE_DEBUG_INFO = INCLUDE_SOURCE;
				MTL_FAST_MATH = YES;
				ONLY_ACTIVE_ARCH = YES;
				SDKROOT = iphoneos;
				SWIFT_ACTIVE_COMPILATION_CONDITIONS = DEBUG;
				SWIFT_OPTIMIZATION_LEVEL = "-Onone";
			};
			name = Debug;
		};
		A8EF29AF2B453C9400B675AC /* Release */ = {
			isa = XCBuildConfiguration;
			buildSettings = {
				ALWAYS_SEARCH_USER_PATHS = NO;
				CLANG_ANALYZER_NONNULL = YES;
				CLANG_ANALYZER_NUMBER_OBJECT_CONVERSION = YES_AGGRESSIVE;
				CLANG_CXX_LANGUAGE_STANDARD = "gnu++20";
				CLANG_ENABLE_MODULES = YES;
				CLANG_ENABLE_OBJC_ARC = YES;
				CLANG_ENABLE_OBJC_WEAK = YES;
				CLANG_WARN_BLOCK_CAPTURE_AUTORELEASING = YES;
				CLANG_WARN_BOOL_CONVERSION = YES;
				CLANG_WARN_COMMA = YES;
				CLANG_WARN_CONSTANT_CONVERSION = YES;
				CLANG_WARN_DEPRECATED_OBJC_IMPLEMENTATIONS = YES;
				CLANG_WARN_DIRECT_OBJC_ISA_USAGE = YES_ERROR;
				CLANG_WARN_DOCUMENTATION_COMMENTS = YES;
				CLANG_WARN_EMPTY_BODY = YES;
				CLANG_WARN_ENUM_CONVERSION = YES;
				CLANG_WARN_INFINITE_RECURSION = YES;
				CLANG_WARN_INT_CONVERSION = YES;
				CLANG_WARN_NON_LITERAL_NULL_CONVERSION = YES;
				CLANG_WARN_OBJC_IMPLICIT_RETAIN_SELF = YES;
				CLANG_WARN_OBJC_LITERAL_CONVERSION = YES;
				CLANG_WARN_OBJC_ROOT_CLASS = YES_ERROR;
				CLANG_WARN_QUOTED_INCLUDE_IN_FRAMEWORK_HEADER = YES;
				CLANG_WARN_RANGE_LOOP_ANALYSIS = YES;
				CLANG_WARN_STRICT_PROTOTYPES = YES;
				CLANG_WARN_SUSPICIOUS_MOVE = YES;
				CLANG_WARN_UNGUARDED_AVAILABILITY = YES_AGGRESSIVE;
				CLANG_WARN_UNREACHABLE_CODE = YES;
				CLANG_WARN__DUPLICATE_METHOD_MATCH = YES;
				COPY_PHASE_STRIP = NO;
				DEBUG_INFORMATION_FORMAT = "dwarf-with-dsym";
				ENABLE_NS_ASSERTIONS = NO;
				ENABLE_STRICT_OBJC_MSGSEND = YES;
				GCC_C_LANGUAGE_STANDARD = gnu11;
				GCC_NO_COMMON_BLOCKS = YES;
				GCC_WARN_64_TO_32_BIT_CONVERSION = YES;
				GCC_WARN_ABOUT_RETURN_TYPE = YES_ERROR;
				GCC_WARN_UNDECLARED_SELECTOR = YES;
				GCC_WARN_UNINITIALIZED_AUTOS = YES_AGGRESSIVE;
				GCC_WARN_UNUSED_FUNCTION = YES;
				GCC_WARN_UNUSED_VARIABLE = YES;
				IPHONEOS_DEPLOYMENT_TARGET = 13.0;
				MTL_ENABLE_DEBUG_INFO = NO;
				MTL_FAST_MATH = YES;
				SDKROOT = iphoneos;
				SWIFT_COMPILATION_MODE = wholemodule;
				SWIFT_OPTIMIZATION_LEVEL = "-O";
				VALIDATE_PRODUCT = YES;
			};
			name = Release;
		};
		A8EF29B12B453C9400B675AC /* Debug */ = {
			isa = XCBuildConfiguration;
			baseConfigurationReference = DC5FCFF2EC123F8EEC4445D5 /* Pods-LetsChat.debug.xcconfig */;
			buildSettings = {
				ASSETCATALOG_COMPILER_APPICON_NAME = AppIcon;
				ASSETCATALOG_COMPILER_GLOBAL_ACCENT_COLOR_NAME = AccentColor;
				CODE_SIGN_STYLE = Automatic;
				CURRENT_PROJECT_VERSION = 1;
				DEVELOPMENT_TEAM = CBW66DK25B;
				GENERATE_INFOPLIST_FILE = YES;
				INFOPLIST_FILE = LetsChat/Info.plist;
				INFOPLIST_KEY_UIApplicationSupportsIndirectInputEvents = YES;
				INFOPLIST_KEY_UILaunchStoryboardName = LaunchScreen;
				INFOPLIST_KEY_UIMainStoryboardFile = Main;
				INFOPLIST_KEY_UISupportedInterfaceOrientations_iPad = "UIInterfaceOrientationPortrait UIInterfaceOrientationPortraitUpsideDown UIInterfaceOrientationLandscapeLeft UIInterfaceOrientationLandscapeRight";
				INFOPLIST_KEY_UISupportedInterfaceOrientations_iPhone = "UIInterfaceOrientationPortrait UIInterfaceOrientationLandscapeLeft UIInterfaceOrientationLandscapeRight";
				IPHONEOS_DEPLOYMENT_TARGET = 13.0;
				LD_RUNPATH_SEARCH_PATHS = (
					"$(inherited)",
					"@executable_path/Frameworks",
				);
				MARKETING_VERSION = 1.0;
				PRODUCT_BUNDLE_IDENTIFIER = com.nuhusulemana.LetsChat;
				PRODUCT_NAME = "$(TARGET_NAME)";
				SWIFT_EMIT_LOC_STRINGS = YES;
				SWIFT_VERSION = 5.0;
				TARGETED_DEVICE_FAMILY = "1,2";
			};
			name = Debug;
		};
		A8EF29B22B453C9400B675AC /* Release */ = {
			isa = XCBuildConfiguration;
			baseConfigurationReference = 8FE9300564A37B0E7981BBC5 /* Pods-LetsChat.release.xcconfig */;
			buildSettings = {
				ASSETCATALOG_COMPILER_APPICON_NAME = AppIcon;
				ASSETCATALOG_COMPILER_GLOBAL_ACCENT_COLOR_NAME = AccentColor;
				CODE_SIGN_STYLE = Automatic;
				CURRENT_PROJECT_VERSION = 1;
				DEVELOPMENT_TEAM = CBW66DK25B;
				GENERATE_INFOPLIST_FILE = YES;
				INFOPLIST_FILE = LetsChat/Info.plist;
				INFOPLIST_KEY_UIApplicationSupportsIndirectInputEvents = YES;
				INFOPLIST_KEY_UILaunchStoryboardName = LaunchScreen;
				INFOPLIST_KEY_UIMainStoryboardFile = Main;
				INFOPLIST_KEY_UISupportedInterfaceOrientations_iPad = "UIInterfaceOrientationPortrait UIInterfaceOrientationPortraitUpsideDown UIInterfaceOrientationLandscapeLeft UIInterfaceOrientationLandscapeRight";
				INFOPLIST_KEY_UISupportedInterfaceOrientations_iPhone = "UIInterfaceOrientationPortrait UIInterfaceOrientationLandscapeLeft UIInterfaceOrientationLandscapeRight";
				IPHONEOS_DEPLOYMENT_TARGET = 13.0;
				LD_RUNPATH_SEARCH_PATHS = (
					"$(inherited)",
					"@executable_path/Frameworks",
				);
				MARKETING_VERSION = 1.0;
				PRODUCT_BUNDLE_IDENTIFIER = com.nuhusulemana.LetsChat;
				PRODUCT_NAME = "$(TARGET_NAME)";
				SWIFT_EMIT_LOC_STRINGS = YES;
				SWIFT_VERSION = 5.0;
				TARGETED_DEVICE_FAMILY = "1,2";
			};
			name = Release;
		};
/* End XCBuildConfiguration section */

/* Begin XCConfigurationList section */
		A8EF29972B453C9300B675AC /* Build configuration list for PBXProject "LetsChat" */ = {
			isa = XCConfigurationList;
			buildConfigurations = (
				A8EF29AE2B453C9400B675AC /* Debug */,
				A8EF29AF2B453C9400B675AC /* Release */,
			);
			defaultConfigurationIsVisible = 0;
			defaultConfigurationName = Release;
		};
		A8EF29B02B453C9400B675AC /* Build configuration list for PBXNativeTarget "LetsChat" */ = {
			isa = XCConfigurationList;
			buildConfigurations = (
				A8EF29B12B453C9400B675AC /* Debug */,
				A8EF29B22B453C9400B675AC /* Release */,
			);
			defaultConfigurationIsVisible = 0;
			defaultConfigurationName = Release;
		};
/* End XCConfigurationList section */
	};
	rootObject = A8EF29942B453C9300B675AC /* Project object */;
}
